<?xml version="1.0" encoding="utf-8"?>
<Project ToolsVersion="4.0" xmlns="http://schemas.microsoft.com/developer/msbuild/2003">
  <ItemGroup>
    <Filter Include="소스 파일">
      <UniqueIdentifier>{4FC737F1-C7A5-4376-A066-2A32D752A2FF}</UniqueIdentifier>
      <Extensions>cpp;c;cc;cxx;c++;cppm;ixx;def;odl;idl;hpj;bat;asm;asmx</Extensions>
    </Filter>
    <Filter Include="헤더 파일">
      <UniqueIdentifier>{93995380-89BD-4b04-88EB-625FBE52EBFB}</UniqueIdentifier>
      <Extensions>h;hh;hpp;hxx;h++;hm;inl;inc;ipp;xsd</Extensions>
    </Filter>
    <Filter Include="리소스 파일">
      <UniqueIdentifier>{67DA6AB6-F800-4c08-8B7A-83BB121AAD01}</UniqueIdentifier>
      <Extensions>rc;ico;cur;bmp;dlg;rc2;rct;bin;rgs;gif;jpg;jpeg;jpe;resx;tiff;tif;png;wav;mfcribbon-ms</Extensions>
    </Filter>
  </ItemGroup>
  <ItemGroup>
    <ClCompile Include="src\main.cpp">
      <Filter>소스 파일</Filter>
    </ClCompile>
    <ClCompile Include="src\game_state.cpp">
      <Filter>소스 파일</Filter>
    </ClCompile>
    <ClCompile Include="src\states\menu_state.cpp">
      <Filter>소스 파일</Filter>
    </ClCompile>
    <ClCompile Include="src\asset_tracker.cpp">
      <Filter>소스 파일</Filter>
    </ClCompile>
    <ClCompile Include="src\game_state_manager.cpp">
      <Filter>소스 파일</Filter>
    </ClCompile>
    <ClCompile Include="src\context.cpp">
      <Filter>소스 파일</Filter>
    </ClCompile>
    <ClCompile Include="src\submodules\starcraft_exception.cpp">
      <Filter>소스 파일</Filter>
    </ClCompile>
    <ClCompile Include="src\submodules\types.hpp">
      <Filter>소스 파일</Filter>
    </ClCompile>
    <ClCompile Include="src\submodules\util.cpp">
      <Filter>소스 파일</Filter>
    </ClCompile>
    <ClCompile Include="src\react_likes\layouts.cpp">
      <Filter>소스 파일</Filter>
    </ClCompile>
    <ClCompile Include="src\render_util.cpp">
      <Filter>소스 파일</Filter>
    </ClCompile>
    <ClCompile Include="src\react_likes\layouts\molecules\text.layout.cpp">
      <Filter>소스 파일</Filter>
    </ClCompile>
    <ClCompile Include="src\submodules\types.cpp">
      <Filter>소스 파일</Filter>
    </ClCompile>
    <ClCompile Include="src\react_likes\render_view_state.cpp">
      <Filter>소스 파일</Filter>
    </ClCompile>
    <ClCompile Include="src\react_likes\style.cpp">
      <Filter>소스 파일</Filter>
    </ClCompile>
    <ClCompile Include="src\react_likes\layout_node.cpp">
      <Filter>소스 파일</Filter>
    </ClCompile>
    <ClCompile Include="src\react_likes\layouts\global_logger.layout.cpp">
      <Filter>소스 파일</Filter>
    </ClCompile>
    <ClCompile Include="src\react_likes\layouts\state_logger.layout.cpp">
      <Filter>소스 파일</Filter>
    </ClCompile>
  </ItemGroup>
  <ItemGroup>
    <ClInclude Include="src\context.hpp">
      <Filter>헤더 파일</Filter>
    </ClInclude>
    <ClInclude Include="src\game_state.hpp">
      <Filter>헤더 파일</Filter>
    </ClInclude>
    <ClInclude Include="src\game_state_manager.hpp">
      <Filter>헤더 파일</Filter>
    </ClInclude>
    <ClInclude Include="src\asset_tracker.hpp">
      <Filter>헤더 파일</Filter>
    </ClInclude>
    <ClInclude Include="src\submodules\starcraft_exception.hpp">
      <Filter>헤더 파일</Filter>
    </ClInclude>
    <ClInclude Include="src\react_likes\layouts.hpp">
      <Filter>헤더 파일</Filter>
    </ClInclude>
    <ClInclude Include="src\submodules\util.hpp">
      <Filter>헤더 파일</Filter>
    </ClInclude>
    <ClInclude Include="src\environments.hpp">
      <Filter>헤더 파일</Filter>
    </ClInclude>
    <ClInclude Include="src\react_likes\render_view_state.hpp">
      <Filter>헤더 파일</Filter>
    </ClInclude>
    <ClInclude Include="src\react_likes\style.hpp">
      <Filter>헤더 파일</Filter>
    </ClInclude>
    <ClInclude Include="src\react_likes\layout_node.hpp">
      <Filter>헤더 파일</Filter>
    </ClInclude>
  </ItemGroup>
  <ItemGroup>
    <None Include="packages.config" />
    <None Include="ClassDiagram.cd" />
  </ItemGroup>
  <ItemGroup>
    <Font Include="assets\fonts\in_game_font.ttf" />
    <Font Include="assets\fonts\title_font.ttf" />
  </ItemGroup>
  <ItemGroup>
    <Image Include="assets\images\main_menu_background.png">
      <Filter>리소스 파일</Filter>
    </Image>
    <Image Include="assets\images\null.png">
      <Filter>리소스 파일</Filter>
    </Image>
  </ItemGroup>
  <ItemGroup>
    <Media Include="assets\sounds\main_menu_soundtrack.mp3" />
  </ItemGroup>
</Project>